{
  "name": "property-designer",
  "version": "1.0.0",
  "lockfileVersion": 1,
  "requires": true,
  "dependencies": {
    "@types/lodash": {
      "version": "4.14.192",
      "resolved": "https://registry.npmjs.org/@types/lodash/-/lodash-4.14.192.tgz",
      "integrity": "sha512-km+Vyn3BYm5ytMO13k9KTp27O75rbQ0NFw+U//g+PX7VZyjCioXaRFisqSIJRECljcTv73G3i6BpglNGHgUQ5A==",
      "dev": true
    },
    "lodash": {
      "version": "4.17.21",
      "resolved": "https://registry.npmjs.org/lodash/-/lodash-4.17.21.tgz",
      "integrity": "sha512-v2kDEe57lecTulaDIuNTPy3Ry4gLGJ6Z1O3vE1krgXZNrsQ+LFTGHVxVjcXPs17LhbZVGedAJv8XZ1tvj5FvSg=="
    },
    "recursive-free": {
      "version": "1.0.3",
      "resolved": "https://registry.npmjs.org/recursive-free/-/recursive-free-1.0.3.tgz",
      "integrity": "sha512-I1PQ8klq4j6Xp+Ot3LqFGQQecF72+9deT+xfceSXHEr45Jd4Urjq17Sgyufb6NK4Ci4BcmQK6sq3lJWFnkprWg=="
    },
    "typescript": {
      "version": "4.9.4",
      "resolved": "https://registry.npmjs.org/typescript/-/typescript-4.9.4.tgz",
      "integrity": "sha512-Uz+dTXYzxXXbsFpM86Wh3dKCxrQqUcVMxwU54orwlJjOpO3ao8L7j5lH+dWfTwgCwIuM9GQ2kvVotzYJMXTBZg==",
      "dev": true
    }
  }
}
